
Microsoft Visual Studio Solution File, Format Version 12.00
# Visual Studio 15
VisualStudioVersion = 15.0.26124.0
MinimumVisualStudioVersion = 15.0.26124.0
Project("{FAE04EC0-301F-11D3-BF4B-00C04F79EFBC}") = "Step01", "Step01\Step01.csproj", "{A9E67E35-459B-476C-81F3-848771A91126}"
EndProject
Project("{FAE04EC0-301F-11D3-BF4B-00C04F79EFBC}") = "Tests", "Tests\Tests.csproj", "{3E40D614-4452-40EC-85DE-9F610A43E845}"
EndProject
Project("{FAE04EC0-301F-11D3-BF4B-00C04F79EFBC}") = "FirstRun", "FirstRun\FirstRun.csproj", "{32D8516B-95CB-4277-AAF5-EE75BFFBBF01}"
EndProject
Project("{FAE04EC0-301F-11D3-BF4B-00C04F79EFBC}") = "Client", "Client\Client.csproj", "{9D8FA4FF-CA13-4B1F-81E7-8AB092FD8AD5}"
EndProject
Project("{FAE04EC0-301F-11D3-BF4B-00C04F79EFBC}") = "Step00", "Step00\Step00.csproj", "{65494833-D89D-4E66-8C96-1FDD1CEA6180}"
EndProject
Project("{FAE04EC0-301F-11D3-BF4B-00C04F79EFBC}") = "Step02", "Step02\Step02.csproj", "{96DD90AF-E452-454B-A949-3C53161B74D6}"
EndProject
Project("{FAE04EC0-301F-11D3-BF4B-00C04F79EFBC}") = "Step03", "Step03\Step03.csproj", "{019E73C8-E626-4087-8A4F-3F133005E049}"
EndProject
Project("{FAE04EC0-301F-11D3-BF4B-00C04F79EFBC}") = "Step04", "Step04\Step04.csproj", "{3FB661DB-90B9-47EB-B304-736C15AFB223}"
EndProject
Project("{FAE04EC0-301F-11D3-BF4B-00C04F79EFBC}") = "Step05", "Step05\Step05.csproj", "{1F1CB017-CE37-41BA-9065-6FA30DFC2AC1}"
EndProject
Project("{FAE04EC0-301F-11D3-BF4B-00C04F79EFBC}") = "Step06", "Step06\Step06.csproj", "{13846B93-78FE-4479-82C9-53544C55B3B1}"
EndProject
Project("{FAE04EC0-301F-11D3-BF4B-00C04F79EFBC}") = "Step07", "Step07\Step07.csproj", "{6C309BD5-B272-4C23-ADD7-728AFC909371}"
EndProject
Project("{FAE04EC0-301F-11D3-BF4B-00C04F79EFBC}") = "Step08", "Step08\Step08.csproj", "{CE2D3279-07D4-4545-AFA5-D46E95A211FB}"
EndProject
Project("{FAE04EC0-301F-11D3-BF4B-00C04F79EFBC}") = "Step09", "Step09\Step09.csproj", "{CC398D24-2D1A-4595-A060-73EEFD4564A1}"
EndProject
Project("{FAE04EC0-301F-11D3-BF4B-00C04F79EFBC}") = "Step10", "Step10\Step10.csproj", "{6D84837A-8B41-4463-A6BE-D58371FE6C70}"
EndProject
Global
	GlobalSection(SolutionConfigurationPlatforms) = preSolution
		Debug|Any CPU = Debug|Any CPU
		Debug|x64 = Debug|x64
		Debug|x86 = Debug|x86
		Release|Any CPU = Release|Any CPU
		Release|x64 = Release|x64
		Release|x86 = Release|x86
	EndGlobalSection
	GlobalSection(SolutionProperties) = preSolution
		HideSolutionNode = FALSE
	EndGlobalSection
	GlobalSection(ProjectConfigurationPlatforms) = postSolution
		{A9E67E35-459B-476C-81F3-848771A91126}.Debug|Any CPU.ActiveCfg = Debug|Any CPU
		{A9E67E35-459B-476C-81F3-848771A91126}.Debug|Any CPU.Build.0 = Debug|Any CPU
		{A9E67E35-459B-476C-81F3-848771A91126}.Debug|x64.ActiveCfg = Debug|Any CPU
		{A9E67E35-459B-476C-81F3-848771A91126}.Debug|x64.Build.0 = Debug|Any CPU
		{A9E67E35-459B-476C-81F3-848771A91126}.Debug|x86.ActiveCfg = Debug|Any CPU
		{A9E67E35-459B-476C-81F3-848771A91126}.Debug|x86.Build.0 = Debug|Any CPU
		{A9E67E35-459B-476C-81F3-848771A91126}.Release|Any CPU.ActiveCfg = Release|Any CPU
		{A9E67E35-459B-476C-81F3-848771A91126}.Release|Any CPU.Build.0 = Release|Any CPU
		{A9E67E35-459B-476C-81F3-848771A91126}.Release|x64.ActiveCfg = Release|Any CPU
		{A9E67E35-459B-476C-81F3-848771A91126}.Release|x64.Build.0 = Release|Any CPU
		{A9E67E35-459B-476C-81F3-848771A91126}.Release|x86.ActiveCfg = Release|Any CPU
		{A9E67E35-459B-476C-81F3-848771A91126}.Release|x86.Build.0 = Release|Any CPU
		{3E40D614-4452-40EC-85DE-9F610A43E845}.Debug|Any CPU.ActiveCfg = Debug|Any CPU
		{3E40D614-4452-40EC-85DE-9F610A43E845}.Debug|Any CPU.Build.0 = Debug|Any CPU
		{3E40D614-4452-40EC-85DE-9F610A43E845}.Debug|x64.ActiveCfg = Debug|Any CPU
		{3E40D614-4452-40EC-85DE-9F610A43E845}.Debug|x64.Build.0 = Debug|Any CPU
		{3E40D614-4452-40EC-85DE-9F610A43E845}.Debug|x86.ActiveCfg = Debug|Any CPU
		{3E40D614-4452-40EC-85DE-9F610A43E845}.Debug|x86.Build.0 = Debug|Any CPU
		{3E40D614-4452-40EC-85DE-9F610A43E845}.Release|Any CPU.ActiveCfg = Release|Any CPU
		{3E40D614-4452-40EC-85DE-9F610A43E845}.Release|Any CPU.Build.0 = Release|Any CPU
		{3E40D614-4452-40EC-85DE-9F610A43E845}.Release|x64.ActiveCfg = Release|Any CPU
		{3E40D614-4452-40EC-85DE-9F610A43E845}.Release|x64.Build.0 = Release|Any CPU
		{3E40D614-4452-40EC-85DE-9F610A43E845}.Release|x86.ActiveCfg = Release|Any CPU
		{3E40D614-4452-40EC-85DE-9F610A43E845}.Release|x86.Build.0 = Release|Any CPU
		{32D8516B-95CB-4277-AAF5-EE75BFFBBF01}.Debug|Any CPU.ActiveCfg = Debug|Any CPU
		{32D8516B-95CB-4277-AAF5-EE75BFFBBF01}.Debug|Any CPU.Build.0 = Debug|Any CPU
		{32D8516B-95CB-4277-AAF5-EE75BFFBBF01}.Debug|x64.ActiveCfg = Debug|Any CPU
		{32D8516B-95CB-4277-AAF5-EE75BFFBBF01}.Debug|x64.Build.0 = Debug|Any CPU
		{32D8516B-95CB-4277-AAF5-EE75BFFBBF01}.Debug|x86.ActiveCfg = Debug|Any CPU
		{32D8516B-95CB-4277-AAF5-EE75BFFBBF01}.Debug|x86.Build.0 = Debug|Any CPU
		{32D8516B-95CB-4277-AAF5-EE75BFFBBF01}.Release|Any CPU.ActiveCfg = Release|Any CPU
		{32D8516B-95CB-4277-AAF5-EE75BFFBBF01}.Release|Any CPU.Build.0 = Release|Any CPU
		{32D8516B-95CB-4277-AAF5-EE75BFFBBF01}.Release|x64.ActiveCfg = Release|Any CPU
		{32D8516B-95CB-4277-AAF5-EE75BFFBBF01}.Release|x64.Build.0 = Release|Any CPU
		{32D8516B-95CB-4277-AAF5-EE75BFFBBF01}.Release|x86.ActiveCfg = Release|Any CPU
		{32D8516B-95CB-4277-AAF5-EE75BFFBBF01}.Release|x86.Build.0 = Release|Any CPU
		{9D8FA4FF-CA13-4B1F-81E7-8AB092FD8AD5}.Debug|Any CPU.ActiveCfg = Debug|Any CPU
		{9D8FA4FF-CA13-4B1F-81E7-8AB092FD8AD5}.Debug|Any CPU.Build.0 = Debug|Any CPU
		{9D8FA4FF-CA13-4B1F-81E7-8AB092FD8AD5}.Debug|x64.ActiveCfg = Debug|Any CPU
		{9D8FA4FF-CA13-4B1F-81E7-8AB092FD8AD5}.Debug|x64.Build.0 = Debug|Any CPU
		{9D8FA4FF-CA13-4B1F-81E7-8AB092FD8AD5}.Debug|x86.ActiveCfg = Debug|Any CPU
		{9D8FA4FF-CA13-4B1F-81E7-8AB092FD8AD5}.Debug|x86.Build.0 = Debug|Any CPU
		{9D8FA4FF-CA13-4B1F-81E7-8AB092FD8AD5}.Release|Any CPU.ActiveCfg = Release|Any CPU
		{9D8FA4FF-CA13-4B1F-81E7-8AB092FD8AD5}.Release|Any CPU.Build.0 = Release|Any CPU
		{9D8FA4FF-CA13-4B1F-81E7-8AB092FD8AD5}.Release|x64.ActiveCfg = Release|Any CPU
		{9D8FA4FF-CA13-4B1F-81E7-8AB092FD8AD5}.Release|x64.Build.0 = Release|Any CPU
		{9D8FA4FF-CA13-4B1F-81E7-8AB092FD8AD5}.Release|x86.ActiveCfg = Release|Any CPU
		{9D8FA4FF-CA13-4B1F-81E7-8AB092FD8AD5}.Release|x86.Build.0 = Release|Any CPU
		{65494833-D89D-4E66-8C96-1FDD1CEA6180}.Debug|Any CPU.ActiveCfg = Debug|Any CPU
		{65494833-D89D-4E66-8C96-1FDD1CEA6180}.Debug|Any CPU.Build.0 = Debug|Any CPU
		{65494833-D89D-4E66-8C96-1FDD1CEA6180}.Debug|x64.ActiveCfg = Debug|Any CPU
		{65494833-D89D-4E66-8C96-1FDD1CEA6180}.Debug|x64.Build.0 = Debug|Any CPU
		{65494833-D89D-4E66-8C96-1FDD1CEA6180}.Debug|x86.ActiveCfg = Debug|Any CPU
		{65494833-D89D-4E66-8C96-1FDD1CEA6180}.Debug|x86.Build.0 = Debug|Any CPU
		{65494833-D89D-4E66-8C96-1FDD1CEA6180}.Release|Any CPU.ActiveCfg = Release|Any CPU
		{65494833-D89D-4E66-8C96-1FDD1CEA6180}.Release|Any CPU.Build.0 = Release|Any CPU
		{65494833-D89D-4E66-8C96-1FDD1CEA6180}.Release|x64.ActiveCfg = Release|Any CPU
		{65494833-D89D-4E66-8C96-1FDD1CEA6180}.Release|x64.Build.0 = Release|Any CPU
		{65494833-D89D-4E66-8C96-1FDD1CEA6180}.Release|x86.ActiveCfg = Release|Any CPU
		{65494833-D89D-4E66-8C96-1FDD1CEA6180}.Release|x86.Build.0 = Release|Any CPU
		{96DD90AF-E452-454B-A949-3C53161B74D6}.Debug|Any CPU.ActiveCfg = Debug|Any CPU
		{96DD90AF-E452-454B-A949-3C53161B74D6}.Debug|Any CPU.Build.0 = Debug|Any CPU
		{96DD90AF-E452-454B-A949-3C53161B74D6}.Debug|x64.ActiveCfg = Debug|Any CPU
		{96DD90AF-E452-454B-A949-3C53161B74D6}.Debug|x64.Build.0 = Debug|Any CPU
		{96DD90AF-E452-454B-A949-3C53161B74D6}.Debug|x86.ActiveCfg = Debug|Any CPU
		{96DD90AF-E452-454B-A949-3C53161B74D6}.Debug|x86.Build.0 = Debug|Any CPU
		{96DD90AF-E452-454B-A949-3C53161B74D6}.Release|Any CPU.ActiveCfg = Release|Any CPU
		{96DD90AF-E452-454B-A949-3C53161B74D6}.Release|Any CPU.Build.0 = Release|Any CPU
		{96DD90AF-E452-454B-A949-3C53161B74D6}.Release|x64.ActiveCfg = Release|Any CPU
		{96DD90AF-E452-454B-A949-3C53161B74D6}.Release|x64.Build.0 = Release|Any CPU
		{96DD90AF-E452-454B-A949-3C53161B74D6}.Release|x86.ActiveCfg = Release|Any CPU
		{96DD90AF-E452-454B-A949-3C53161B74D6}.Release|x86.Build.0 = Release|Any CPU
		{019E73C8-E626-4087-8A4F-3F133005E049}.Debug|Any CPU.ActiveCfg = Debug|Any CPU
		{019E73C8-E626-4087-8A4F-3F133005E049}.Debug|Any CPU.Build.0 = Debug|Any CPU
		{019E73C8-E626-4087-8A4F-3F133005E049}.Debug|x64.ActiveCfg = Debug|Any CPU
		{019E73C8-E626-4087-8A4F-3F133005E049}.Debug|x64.Build.0 = Debug|Any CPU
		{019E73C8-E626-4087-8A4F-3F133005E049}.Debug|x86.ActiveCfg = Debug|Any CPU
		{019E73C8-E626-4087-8A4F-3F133005E049}.Debug|x86.Build.0 = Debug|Any CPU
		{019E73C8-E626-4087-8A4F-3F133005E049}.Release|Any CPU.ActiveCfg = Release|Any CPU
		{019E73C8-E626-4087-8A4F-3F133005E049}.Release|Any CPU.Build.0 = Release|Any CPU
		{019E73C8-E626-4087-8A4F-3F133005E049}.Release|x64.ActiveCfg = Release|Any CPU
		{019E73C8-E626-4087-8A4F-3F133005E049}.Release|x64.Build.0 = Release|Any CPU
		{019E73C8-E626-4087-8A4F-3F133005E049}.Release|x86.ActiveCfg = Release|Any CPU
		{019E73C8-E626-4087-8A4F-3F133005E049}.Release|x86.Build.0 = Release|Any CPU
		{3FB661DB-90B9-47EB-B304-736C15AFB223}.Debug|Any CPU.ActiveCfg = Debug|Any CPU
		{3FB661DB-90B9-47EB-B304-736C15AFB223}.Debug|Any CPU.Build.0 = Debug|Any CPU
		{3FB661DB-90B9-47EB-B304-736C15AFB223}.Debug|x64.ActiveCfg = Debug|Any CPU
		{3FB661DB-90B9-47EB-B304-736C15AFB223}.Debug|x64.Build.0 = Debug|Any CPU
		{3FB661DB-90B9-47EB-B304-736C15AFB223}.Debug|x86.ActiveCfg = Debug|Any CPU
		{3FB661DB-90B9-47EB-B304-736C15AFB223}.Debug|x86.Build.0 = Debug|Any CPU
		{3FB661DB-90B9-47EB-B304-736C15AFB223}.Release|Any CPU.ActiveCfg = Release|Any CPU
		{3FB661DB-90B9-47EB-B304-736C15AFB223}.Release|Any CPU.Build.0 = Release|Any CPU
		{3FB661DB-90B9-47EB-B304-736C15AFB223}.Release|x64.ActiveCfg = Release|Any CPU
		{3FB661DB-90B9-47EB-B304-736C15AFB223}.Release|x64.Build.0 = Release|Any CPU
		{3FB661DB-90B9-47EB-B304-736C15AFB223}.Release|x86.ActiveCfg = Release|Any CPU
		{3FB661DB-90B9-47EB-B304-736C15AFB223}.Release|x86.Build.0 = Release|Any CPU
		{1F1CB017-CE37-41BA-9065-6FA30DFC2AC1}.Debug|Any CPU.ActiveCfg = Debug|Any CPU
		{1F1CB017-CE37-41BA-9065-6FA30DFC2AC1}.Debug|Any CPU.Build.0 = Debug|Any CPU
		{1F1CB017-CE37-41BA-9065-6FA30DFC2AC1}.Debug|x64.ActiveCfg = Debug|Any CPU
		{1F1CB017-CE37-41BA-9065-6FA30DFC2AC1}.Debug|x64.Build.0 = Debug|Any CPU
		{1F1CB017-CE37-41BA-9065-6FA30DFC2AC1}.Debug|x86.ActiveCfg = Debug|Any CPU
		{1F1CB017-CE37-41BA-9065-6FA30DFC2AC1}.Debug|x86.Build.0 = Debug|Any CPU
		{1F1CB017-CE37-41BA-9065-6FA30DFC2AC1}.Release|Any CPU.ActiveCfg = Release|Any CPU
		{1F1CB017-CE37-41BA-9065-6FA30DFC2AC1}.Release|Any CPU.Build.0 = Release|Any CPU
		{1F1CB017-CE37-41BA-9065-6FA30DFC2AC1}.Release|x64.ActiveCfg = Release|Any CPU
		{1F1CB017-CE37-41BA-9065-6FA30DFC2AC1}.Release|x64.Build.0 = Release|Any CPU
		{1F1CB017-CE37-41BA-9065-6FA30DFC2AC1}.Release|x86.ActiveCfg = Release|Any CPU
		{1F1CB017-CE37-41BA-9065-6FA30DFC2AC1}.Release|x86.Build.0 = Release|Any CPU
		{13846B93-78FE-4479-82C9-53544C55B3B1}.Debug|Any CPU.ActiveCfg = Debug|Any CPU
		{13846B93-78FE-4479-82C9-53544C55B3B1}.Debug|Any CPU.Build.0 = Debug|Any CPU
		{13846B93-78FE-4479-82C9-53544C55B3B1}.Debug|x64.ActiveCfg = Debug|Any CPU
		{13846B93-78FE-4479-82C9-53544C55B3B1}.Debug|x64.Build.0 = Debug|Any CPU
		{13846B93-78FE-4479-82C9-53544C55B3B1}.Debug|x86.ActiveCfg = Debug|Any CPU
		{13846B93-78FE-4479-82C9-53544C55B3B1}.Debug|x86.Build.0 = Debug|Any CPU
		{13846B93-78FE-4479-82C9-53544C55B3B1}.Release|Any CPU.ActiveCfg = Release|Any CPU
		{13846B93-78FE-4479-82C9-53544C55B3B1}.Release|Any CPU.Build.0 = Release|Any CPU
		{13846B93-78FE-4479-82C9-53544C55B3B1}.Release|x64.ActiveCfg = Release|Any CPU
		{13846B93-78FE-4479-82C9-53544C55B3B1}.Release|x64.Build.0 = Release|Any CPU
		{13846B93-78FE-4479-82C9-53544C55B3B1}.Release|x86.ActiveCfg = Release|Any CPU
		{13846B93-78FE-4479-82C9-53544C55B3B1}.Release|x86.Build.0 = Release|Any CPU
		{6C309BD5-B272-4C23-ADD7-728AFC909371}.Debug|Any CPU.ActiveCfg = Debug|Any CPU
		{6C309BD5-B272-4C23-ADD7-728AFC909371}.Debug|Any CPU.Build.0 = Debug|Any CPU
		{6C309BD5-B272-4C23-ADD7-728AFC909371}.Debug|x64.ActiveCfg = Debug|Any CPU
		{6C309BD5-B272-4C23-ADD7-728AFC909371}.Debug|x64.Build.0 = Debug|Any CPU
		{6C309BD5-B272-4C23-ADD7-728AFC909371}.Debug|x86.ActiveCfg = Debug|Any CPU
		{6C309BD5-B272-4C23-ADD7-728AFC909371}.Debug|x86.Build.0 = Debug|Any CPU
		{6C309BD5-B272-4C23-ADD7-728AFC909371}.Release|Any CPU.ActiveCfg = Release|Any CPU
		{6C309BD5-B272-4C23-ADD7-728AFC909371}.Release|Any CPU.Build.0 = Release|Any CPU
		{6C309BD5-B272-4C23-ADD7-728AFC909371}.Release|x64.ActiveCfg = Release|Any CPU
		{6C309BD5-B272-4C23-ADD7-728AFC909371}.Release|x64.Build.0 = Release|Any CPU
		{6C309BD5-B272-4C23-ADD7-728AFC909371}.Release|x86.ActiveCfg = Release|Any CPU
		{6C309BD5-B272-4C23-ADD7-728AFC909371}.Release|x86.Build.0 = Release|Any CPU
		{CE2D3279-07D4-4545-AFA5-D46E95A211FB}.Debug|Any CPU.ActiveCfg = Debug|Any CPU
		{CE2D3279-07D4-4545-AFA5-D46E95A211FB}.Debug|Any CPU.Build.0 = Debug|Any CPU
		{CE2D3279-07D4-4545-AFA5-D46E95A211FB}.Debug|x64.ActiveCfg = Debug|Any CPU
		{CE2D3279-07D4-4545-AFA5-D46E95A211FB}.Debug|x64.Build.0 = Debug|Any CPU
		{CE2D3279-07D4-4545-AFA5-D46E95A211FB}.Debug|x86.ActiveCfg = Debug|Any CPU
		{CE2D3279-07D4-4545-AFA5-D46E95A211FB}.Debug|x86.Build.0 = Debug|Any CPU
		{CE2D3279-07D4-4545-AFA5-D46E95A211FB}.Release|Any CPU.ActiveCfg = Release|Any CPU
		{CE2D3279-07D4-4545-AFA5-D46E95A211FB}.Release|Any CPU.Build.0 = Release|Any CPU
		{CE2D3279-07D4-4545-AFA5-D46E95A211FB}.Release|x64.ActiveCfg = Release|Any CPU
		{CE2D3279-07D4-4545-AFA5-D46E95A211FB}.Release|x64.Build.0 = Release|Any CPU
		{CE2D3279-07D4-4545-AFA5-D46E95A211FB}.Release|x86.ActiveCfg = Release|Any CPU
		{CE2D3279-07D4-4545-AFA5-D46E95A211FB}.Release|x86.Build.0 = Release|Any CPU
		{CC398D24-2D1A-4595-A060-73EEFD4564A1}.Debug|Any CPU.ActiveCfg = Debug|Any CPU
		{CC398D24-2D1A-4595-A060-73EEFD4564A1}.Debug|Any CPU.Build.0 = Debug|Any CPU
		{CC398D24-2D1A-4595-A060-73EEFD4564A1}.Debug|x64.ActiveCfg = Debug|Any CPU
		{CC398D24-2D1A-4595-A060-73EEFD4564A1}.Debug|x64.Build.0 = Debug|Any CPU
		{CC398D24-2D1A-4595-A060-73EEFD4564A1}.Debug|x86.ActiveCfg = Debug|Any CPU
		{CC398D24-2D1A-4595-A060-73EEFD4564A1}.Debug|x86.Build.0 = Debug|Any CPU
		{CC398D24-2D1A-4595-A060-73EEFD4564A1}.Release|Any CPU.ActiveCfg = Release|Any CPU
		{CC398D24-2D1A-4595-A060-73EEFD4564A1}.Release|Any CPU.Build.0 = Release|Any CPU
		{CC398D24-2D1A-4595-A060-73EEFD4564A1}.Release|x64.ActiveCfg = Release|Any CPU
		{CC398D24-2D1A-4595-A060-73EEFD4564A1}.Release|x64.Build.0 = Release|Any CPU
		{CC398D24-2D1A-4595-A060-73EEFD4564A1}.Release|x86.ActiveCfg = Release|Any CPU
		{CC398D24-2D1A-4595-A060-73EEFD4564A1}.Release|x86.Build.0 = Release|Any CPU
		{6D84837A-8B41-4463-A6BE-D58371FE6C70}.Debug|Any CPU.ActiveCfg = Debug|Any CPU
		{6D84837A-8B41-4463-A6BE-D58371FE6C70}.Debug|Any CPU.Build.0 = Debug|Any CPU
		{6D84837A-8B41-4463-A6BE-D58371FE6C70}.Debug|x64.ActiveCfg = Debug|Any CPU
		{6D84837A-8B41-4463-A6BE-D58371FE6C70}.Debug|x64.Build.0 = Debug|Any CPU
		{6D84837A-8B41-4463-A6BE-D58371FE6C70}.Debug|x86.ActiveCfg = Debug|Any CPU
		{6D84837A-8B41-4463-A6BE-D58371FE6C70}.Debug|x86.Build.0 = Debug|Any CPU
		{6D84837A-8B41-4463-A6BE-D58371FE6C70}.Release|Any CPU.ActiveCfg = Release|Any CPU
		{6D84837A-8B41-4463-A6BE-D58371FE6C70}.Release|Any CPU.Build.0 = Release|Any CPU
		{6D84837A-8B41-4463-A6BE-D58371FE6C70}.Release|x64.ActiveCfg = Release|Any CPU
		{6D84837A-8B41-4463-A6BE-D58371FE6C70}.Release|x64.Build.0 = Release|Any CPU
		{6D84837A-8B41-4463-A6BE-D58371FE6C70}.Release|x86.ActiveCfg = Release|Any CPU
		{6D84837A-8B41-4463-A6BE-D58371FE6C70}.Release|x86.Build.0 = Release|Any CPU
	EndGlobalSection
EndGlobal
